
Microsoft Visual Studio Solution File, Format Version 12.00
# Visual Studio Version 17
VisualStudioVersion = 17.4.33213.308
MinimumVisualStudioVersion = 10.0.40219.1
Project("{FAE04EC0-301F-11D3-BF4B-00C04F79EFBC}") = "Barunson.DbContext", "Barunson.DbContext.csproj", "{DA1DF22B-A3B1-498C-8694-64FBB690FCF7}"
EndProject
Global
	GlobalSection(SolutionConfigurationPlatforms) = preSolution
		Debug|Any CPU = Debug|Any CPU
		Release|Any CPU = Release|Any CPU
	EndGlobalSection
	GlobalSection(ProjectConfigurationPlatforms) = postSolution
		{DA1DF22B-A3B1-498C-8694-64FBB690FCF7}.Debug|Any CPU.ActiveCfg = Debug|Any CPU
		{DA1DF22B-A3B1-498C-8694-64FBB690FCF7}.Debug|Any CPU.Build.0 = Debug|Any CPU
		{DA1DF22B-A3B1-498C-8694-64FBB690FCF7}.Release|Any CPU.ActiveCfg = Release|Any CPU
		{DA1DF22B-A3B1-498C-8694-64FBB690FCF7}.Release|Any CPU.Build.0 = Release|Any CPU
	EndGlobalSection
	GlobalSection(SolutionProperties) = preSolution
		HideSolutionNode = FALSE
	EndGlobalSection
	GlobalSection(ExtensibilityGlobals) = postSolution
		SolutionGuid = {1BEE5792-6B47-43CD-A658-C63ADA28BDCC}
	EndGlobalSection
EndGlobal
